
Microsoft Visual Studio Solution File, Format Version 12.00
# Visual Studio Version 17
VisualStudioVersion = 17.6.33513.286
MinimumVisualStudioVersion = 10.0.40219.1
Project("{FAE04EC0-301F-11D3-BF4B-00C04F79EFBC}") = "MICAS", "MICAS\MICAS.csproj", "{CE95A6C5-771D-4F40-83AC-AC0F2E3C35A8}"
EndProject
Project("{FAE04EC0-301F-11D3-BF4B-00C04F79EFBC}") = "BackgroundTasks", "BackgroundTasks\BackgroundTasks.csproj", "{4DC384D3-329C-44FB-A309-9EA7FADDFE6D}"
EndProject
Project("{FAE04EC0-301F-11D3-BF4B-00C04F79EFBC}") = "Basis", "Basis\Basis.csproj", "{E3410471-B87A-443B-BF03-494B89F770A5}"
EndProject
Project("{FAE04EC0-301F-11D3-BF4B-00C04F79EFBC}") = "Obt", "Obt\Obt.csproj", "{59656958-8D43-431E-A75A-FD5E7A06023F}"
EndProject
Global
	GlobalSection(SolutionConfigurationPlatforms) = preSolution
		Debug|Any CPU = Debug|Any CPU
		Debug|ARM = Debug|ARM
		Debug|ARM64 = Debug|ARM64
		Debug|x64 = Debug|x64
		Debug|x86 = Debug|x86
		Release|Any CPU = Release|Any CPU
		Release|ARM = Release|ARM
		Release|ARM64 = Release|ARM64
		Release|x64 = Release|x64
		Release|x86 = Release|x86
	EndGlobalSection
	GlobalSection(ProjectConfigurationPlatforms) = postSolution
		{CE95A6C5-771D-4F40-83AC-AC0F2E3C35A8}.Debug|Any CPU.ActiveCfg = Debug|x64
		{CE95A6C5-771D-4F40-83AC-AC0F2E3C35A8}.Debug|Any CPU.Build.0 = Debug|x64
		{CE95A6C5-771D-4F40-83AC-AC0F2E3C35A8}.Debug|Any CPU.Deploy.0 = Debug|x64
		{CE95A6C5-771D-4F40-83AC-AC0F2E3C35A8}.Debug|ARM.ActiveCfg = Debug|ARM
		{CE95A6C5-771D-4F40-83AC-AC0F2E3C35A8}.Debug|ARM.Build.0 = Debug|ARM
		{CE95A6C5-771D-4F40-83AC-AC0F2E3C35A8}.Debug|ARM.Deploy.0 = Debug|ARM
		{CE95A6C5-771D-4F40-83AC-AC0F2E3C35A8}.Debug|ARM64.ActiveCfg = Debug|ARM64
		{CE95A6C5-771D-4F40-83AC-AC0F2E3C35A8}.Debug|ARM64.Build.0 = Debug|ARM64
		{CE95A6C5-771D-4F40-83AC-AC0F2E3C35A8}.Debug|ARM64.Deploy.0 = Debug|ARM64
		{CE95A6C5-771D-4F40-83AC-AC0F2E3C35A8}.Debug|x64.ActiveCfg = Debug|x64
		{CE95A6C5-771D-4F40-83AC-AC0F2E3C35A8}.Debug|x64.Build.0 = Debug|x64
		{CE95A6C5-771D-4F40-83AC-AC0F2E3C35A8}.Debug|x64.Deploy.0 = Debug|x64
		{CE95A6C5-771D-4F40-83AC-AC0F2E3C35A8}.Debug|x86.ActiveCfg = Debug|x86
		{CE95A6C5-771D-4F40-83AC-AC0F2E3C35A8}.Debug|x86.Build.0 = Debug|x86
		{CE95A6C5-771D-4F40-83AC-AC0F2E3C35A8}.Debug|x86.Deploy.0 = Debug|x86
		{CE95A6C5-771D-4F40-83AC-AC0F2E3C35A8}.Release|Any CPU.ActiveCfg = Release|x64
		{CE95A6C5-771D-4F40-83AC-AC0F2E3C35A8}.Release|Any CPU.Build.0 = Release|x64
		{CE95A6C5-771D-4F40-83AC-AC0F2E3C35A8}.Release|Any CPU.Deploy.0 = Release|x64
		{CE95A6C5-771D-4F40-83AC-AC0F2E3C35A8}.Release|ARM.ActiveCfg = Release|ARM
		{CE95A6C5-771D-4F40-83AC-AC0F2E3C35A8}.Release|ARM.Build.0 = Release|ARM
		{CE95A6C5-771D-4F40-83AC-AC0F2E3C35A8}.Release|ARM.Deploy.0 = Release|ARM
		{CE95A6C5-771D-4F40-83AC-AC0F2E3C35A8}.Release|ARM64.ActiveCfg = Release|ARM64
		{CE95A6C5-771D-4F40-83AC-AC0F2E3C35A8}.Release|ARM64.Build.0 = Release|ARM64
		{CE95A6C5-771D-4F40-83AC-AC0F2E3C35A8}.Release|ARM64.Deploy.0 = Release|ARM64
		{CE95A6C5-771D-4F40-83AC-AC0F2E3C35A8}.Release|x64.ActiveCfg = Release|x64
		{CE95A6C5-771D-4F40-83AC-AC0F2E3C35A8}.Release|x64.Build.0 = Release|x64
		{CE95A6C5-771D-4F40-83AC-AC0F2E3C35A8}.Release|x64.Deploy.0 = Release|x64
		{CE95A6C5-771D-4F40-83AC-AC0F2E3C35A8}.Release|x86.ActiveCfg = Release|x86
		{CE95A6C5-771D-4F40-83AC-AC0F2E3C35A8}.Release|x86.Build.0 = Release|x86
		{CE95A6C5-771D-4F40-83AC-AC0F2E3C35A8}.Release|x86.Deploy.0 = Release|x86
		{4DC384D3-329C-44FB-A309-9EA7FADDFE6D}.Debug|Any CPU.ActiveCfg = Debug|Any CPU
		{4DC384D3-329C-44FB-A309-9EA7FADDFE6D}.Debug|Any CPU.Build.0 = Debug|Any CPU
		{4DC384D3-329C-44FB-A309-9EA7FADDFE6D}.Debug|ARM.ActiveCfg = Debug|ARM
		{4DC384D3-329C-44FB-A309-9EA7FADDFE6D}.Debug|ARM.Build.0 = Debug|ARM
		{4DC384D3-329C-44FB-A309-9EA7FADDFE6D}.Debug|ARM64.ActiveCfg = Debug|ARM64
		{4DC384D3-329C-44FB-A309-9EA7FADDFE6D}.Debug|ARM64.Build.0 = Debug|ARM64
		{4DC384D3-329C-44FB-A309-9EA7FADDFE6D}.Debug|x64.ActiveCfg = Debug|x64
		{4DC384D3-329C-44FB-A309-9EA7FADDFE6D}.Debug|x64.Build.0 = Debug|x64
		{4DC384D3-329C-44FB-A309-9EA7FADDFE6D}.Debug|x86.ActiveCfg = Debug|x86
		{4DC384D3-329C-44FB-A309-9EA7FADDFE6D}.Debug|x86.Build.0 = Debug|x86
		{4DC384D3-329C-44FB-A309-9EA7FADDFE6D}.Release|Any CPU.ActiveCfg = Release|Any CPU
		{4DC384D3-329C-44FB-A309-9EA7FADDFE6D}.Release|Any CPU.Build.0 = Release|Any CPU
		{4DC384D3-329C-44FB-A309-9EA7FADDFE6D}.Release|ARM.ActiveCfg = Release|ARM
		{4DC384D3-329C-44FB-A309-9EA7FADDFE6D}.Release|ARM.Build.0 = Release|ARM
		{4DC384D3-329C-44FB-A309-9EA7FADDFE6D}.Release|ARM64.ActiveCfg = Release|ARM64
		{4DC384D3-329C-44FB-A309-9EA7FADDFE6D}.Release|ARM64.Build.0 = Release|ARM64
		{4DC384D3-329C-44FB-A309-9EA7FADDFE6D}.Release|x64.ActiveCfg = Release|x64
		{4DC384D3-329C-44FB-A309-9EA7FADDFE6D}.Release|x64.Build.0 = Release|x64
		{4DC384D3-329C-44FB-A309-9EA7FADDFE6D}.Release|x86.ActiveCfg = Release|x86
		{4DC384D3-329C-44FB-A309-9EA7FADDFE6D}.Release|x86.Build.0 = Release|x86
		{E3410471-B87A-443B-BF03-494B89F770A5}.Debug|Any CPU.ActiveCfg = Debug|Any CPU
		{E3410471-B87A-443B-BF03-494B89F770A5}.Debug|Any CPU.Build.0 = Debug|Any CPU
		{E3410471-B87A-443B-BF03-494B89F770A5}.Debug|ARM.ActiveCfg = Debug|ARM
		{E3410471-B87A-443B-BF03-494B89F770A5}.Debug|ARM.Build.0 = Debug|ARM
		{E3410471-B87A-443B-BF03-494B89F770A5}.Debug|ARM64.ActiveCfg = Debug|ARM64
		{E3410471-B87A-443B-BF03-494B89F770A5}.Debug|ARM64.Build.0 = Debug|ARM64
		{E3410471-B87A-443B-BF03-494B89F770A5}.Debug|x64.ActiveCfg = Debug|x64
		{E3410471-B87A-443B-BF03-494B89F770A5}.Debug|x64.Build.0 = Debug|x64
		{E3410471-B87A-443B-BF03-494B89F770A5}.Debug|x86.ActiveCfg = Debug|x86
		{E3410471-B87A-443B-BF03-494B89F770A5}.Debug|x86.Build.0 = Debug|x86
		{E3410471-B87A-443B-BF03-494B89F770A5}.Release|Any CPU.ActiveCfg = Release|Any CPU
		{E3410471-B87A-443B-BF03-494B89F770A5}.Release|Any CPU.Build.0 = Release|Any CPU
		{E3410471-B87A-443B-BF03-494B89F770A5}.Release|ARM.ActiveCfg = Release|ARM
		{E3410471-B87A-443B-BF03-494B89F770A5}.Release|ARM.Build.0 = Release|ARM
		{E3410471-B87A-443B-BF03-494B89F770A5}.Release|ARM64.ActiveCfg = Release|ARM64
		{E3410471-B87A-443B-BF03-494B89F770A5}.Release|ARM64.Build.0 = Release|ARM64
		{E3410471-B87A-443B-BF03-494B89F770A5}.Release|x64.ActiveCfg = Release|x64
		{E3410471-B87A-443B-BF03-494B89F770A5}.Release|x64.Build.0 = Release|x64
		{E3410471-B87A-443B-BF03-494B89F770A5}.Release|x86.ActiveCfg = Release|x86
		{E3410471-B87A-443B-BF03-494B89F770A5}.Release|x86.Build.0 = Release|x86
		{59656958-8D43-431E-A75A-FD5E7A06023F}.Debug|Any CPU.ActiveCfg = Debug|Any CPU
		{59656958-8D43-431E-A75A-FD5E7A06023F}.Debug|Any CPU.Build.0 = Debug|Any CPU
		{59656958-8D43-431E-A75A-FD5E7A06023F}.Debug|ARM.ActiveCfg = Debug|ARM
		{59656958-8D43-431E-A75A-FD5E7A06023F}.Debug|ARM.Build.0 = Debug|ARM
		{59656958-8D43-431E-A75A-FD5E7A06023F}.Debug|ARM64.ActiveCfg = Debug|ARM64
		{59656958-8D43-431E-A75A-FD5E7A06023F}.Debug|ARM64.Build.0 = Debug|ARM64
		{59656958-8D43-431E-A75A-FD5E7A06023F}.Debug|x64.ActiveCfg = Debug|x64
		{59656958-8D43-431E-A75A-FD5E7A06023F}.Debug|x64.Build.0 = Debug|x64
		{59656958-8D43-431E-A75A-FD5E7A06023F}.Debug|x86.ActiveCfg = Debug|x86
		{59656958-8D43-431E-A75A-FD5E7A06023F}.Debug|x86.Build.0 = Debug|x86
		{59656958-8D43-431E-A75A-FD5E7A06023F}.Release|Any CPU.ActiveCfg = Release|Any CPU
		{59656958-8D43-431E-A75A-FD5E7A06023F}.Release|Any CPU.Build.0 = Release|Any CPU
		{59656958-8D43-431E-A75A-FD5E7A06023F}.Release|ARM.ActiveCfg = Release|ARM
		{59656958-8D43-431E-A75A-FD5E7A06023F}.Release|ARM.Build.0 = Release|ARM
		{59656958-8D43-431E-A75A-FD5E7A06023F}.Release|ARM64.ActiveCfg = Release|ARM64
		{59656958-8D43-431E-A75A-FD5E7A06023F}.Release|ARM64.Build.0 = Release|ARM64
		{59656958-8D43-431E-A75A-FD5E7A06023F}.Release|x64.ActiveCfg = Release|x64
		{59656958-8D43-431E-A75A-FD5E7A06023F}.Release|x64.Build.0 = Release|x64
		{59656958-8D43-431E-A75A-FD5E7A06023F}.Release|x86.ActiveCfg = Release|x86
		{59656958-8D43-431E-A75A-FD5E7A06023F}.Release|x86.Build.0 = Release|x86
	EndGlobalSection
	GlobalSection(SolutionProperties) = preSolution
		HideSolutionNode = FALSE
	EndGlobalSection
	GlobalSection(ExtensibilityGlobals) = postSolution
		SolutionGuid = {0FDAE96B-394E-47BB-9433-9FA40ED778DC}
	EndGlobalSection
EndGlobal
